
Microsoft Visual Studio Solution File, Format Version 12.00
# Visual Studio Version 17
VisualStudioVersion = 17.10.34902.84
MinimumVisualStudioVersion = 10.0.40219.1
Project("{FAE04EC0-301F-11D3-BF4B-00C04F79EFBC}") = "ClassicByte.Cucumber.Core", "ClassicByte.Cucumber.Core\ClassicByte.Cucumber.Core.csproj", "{B434DC46-C7C8-45C7-AA5C-458350F13A29}"
EndProject
Project("{FAE04EC0-301F-11D3-BF4B-00C04F79EFBC}") = "ClassicByte.Cucumber.Host", "ClassicByte.Cucumber.Host\ClassicByte.Cucumber.Host.csproj", "{4ADFD511-887F-4EA6-A88E-AEFE81A26A4D}"
EndProject
Project("{FAE04EC0-301F-11D3-BF4B-00C04F79EFBC}") = "ClassicByte.Cucumber.Updater", "ClassicByte.Cucumber.Updater\ClassicByte.Cucumber.Updater.csproj", "{B29545E2-7966-41CF-ACB5-CA8A8C4B7CAD}"
EndProject
Project("{FAE04EC0-301F-11D3-BF4B-00C04F79EFBC}") = "ClassicByte.Cucumber.App.Shell", "ClassicByte.Cucumber.App.Shell\ClassicByte.Cucumber.App.Shell.csproj", "{EA86DFA4-7096-45EE-AE11-9542125CB015}"
EndProject
Project("{FAE04EC0-301F-11D3-BF4B-00C04F79EFBC}") = "ClassicByte.Cucumber.App.UserManager", "ClassicByte.Cucumber.App.UserManager\ClassicByte.Cucumber.App.UserManager.csproj", "{0F6C5BF9-2332-4EEE-B183-A51700D37EF7}"
EndProject
Project("{FAE04EC0-301F-11D3-BF4B-00C04F79EFBC}") = "ClassicByte.Cucumber.App.NetShell", "ClassicByte.Cucumber.App.NetShell\ClassicByte.Cucumber.App.NetShell.csproj", "{BB13CBFF-DCA2-47F6-981D-165FF7AA385B}"
EndProject
Project("{FAE04EC0-301F-11D3-BF4B-00C04F79EFBC}") = "ClassicByte.Cucumber.App.FileSystemManager", "ClassicByte.Cucumber.App.FileSystemManager\ClassicByte.Cucumber.App.FileSystemManager.csproj", "{A4FCD420-5072-4B76-BFCA-F0BF6A33E817}"
EndProject
Project("{FAE04EC0-301F-11D3-BF4B-00C04F79EFBC}") = "ClassicByte.Cucumber.App.ApplicationPackageManager", "ClassicByte.Cucumber.App.ApplicationPackageManager\ClassicByte.Cucumber.App.ApplicationPackageManager.csproj", "{BFB6C04F-8560-4134-BC1D-4663DEBCE2D5}"
EndProject
Project("{2150E333-8FDC-42A3-9474-1A3956D46DE8}") = "SystemCore", "SystemCore", "{12E190A6-84FA-451C-BA04-E1880D716B19}"
EndProject
Project("{2150E333-8FDC-42A3-9474-1A3956D46DE8}") = "Config", "Config", "{A5557069-4380-423C-85E7-0A441265E308}"
EndProject
Global
	GlobalSection(SolutionConfigurationPlatforms) = preSolution
		CORE|Any CPU = CORE|Any CPU
		CORE|x64 = CORE|x64
		CORE|x86 = CORE|x86
		Debug|Any CPU = Debug|Any CPU
		Debug|x64 = Debug|x64
		Debug|x86 = Debug|x86
		Release|Any CPU = Release|Any CPU
		Release|x64 = Release|x64
		Release|x86 = Release|x86
		SDK|Any CPU = SDK|Any CPU
		SDK|x64 = SDK|x64
		SDK|x86 = SDK|x86
	EndGlobalSection
	GlobalSection(ProjectConfigurationPlatforms) = postSolution
		{B434DC46-C7C8-45C7-AA5C-458350F13A29}.CORE|Any CPU.ActiveCfg = Debug|Any CPU
		{B434DC46-C7C8-45C7-AA5C-458350F13A29}.CORE|Any CPU.Build.0 = Debug|Any CPU
		{B434DC46-C7C8-45C7-AA5C-458350F13A29}.CORE|x64.ActiveCfg = CORE|Any CPU
		{B434DC46-C7C8-45C7-AA5C-458350F13A29}.CORE|x64.Build.0 = CORE|Any CPU
		{B434DC46-C7C8-45C7-AA5C-458350F13A29}.CORE|x86.ActiveCfg = CORE|Any CPU
		{B434DC46-C7C8-45C7-AA5C-458350F13A29}.CORE|x86.Build.0 = CORE|Any CPU
		{B434DC46-C7C8-45C7-AA5C-458350F13A29}.Debug|Any CPU.ActiveCfg = Debug|Any CPU
		{B434DC46-C7C8-45C7-AA5C-458350F13A29}.Debug|Any CPU.Build.0 = Debug|Any CPU
		{B434DC46-C7C8-45C7-AA5C-458350F13A29}.Debug|x64.ActiveCfg = Debug|Any CPU
		{B434DC46-C7C8-45C7-AA5C-458350F13A29}.Debug|x64.Build.0 = Debug|Any CPU
		{B434DC46-C7C8-45C7-AA5C-458350F13A29}.Debug|x86.ActiveCfg = Debug|Any CPU
		{B434DC46-C7C8-45C7-AA5C-458350F13A29}.Debug|x86.Build.0 = Debug|Any CPU
		{B434DC46-C7C8-45C7-AA5C-458350F13A29}.Release|Any CPU.ActiveCfg = Release|Any CPU
		{B434DC46-C7C8-45C7-AA5C-458350F13A29}.Release|Any CPU.Build.0 = Release|Any CPU
		{B434DC46-C7C8-45C7-AA5C-458350F13A29}.Release|x64.ActiveCfg = Release|Any CPU
		{B434DC46-C7C8-45C7-AA5C-458350F13A29}.Release|x64.Build.0 = Release|Any CPU
		{B434DC46-C7C8-45C7-AA5C-458350F13A29}.Release|x86.ActiveCfg = Release|Any CPU
		{B434DC46-C7C8-45C7-AA5C-458350F13A29}.Release|x86.Build.0 = Release|Any CPU
		{B434DC46-C7C8-45C7-AA5C-458350F13A29}.SDK|Any CPU.ActiveCfg = CORE|Any CPU
		{B434DC46-C7C8-45C7-AA5C-458350F13A29}.SDK|Any CPU.Build.0 = CORE|Any CPU
		{B434DC46-C7C8-45C7-AA5C-458350F13A29}.SDK|x64.ActiveCfg = SDK|Any CPU
		{B434DC46-C7C8-45C7-AA5C-458350F13A29}.SDK|x64.Build.0 = SDK|Any CPU
		{B434DC46-C7C8-45C7-AA5C-458350F13A29}.SDK|x86.ActiveCfg = SDK|Any CPU
		{B434DC46-C7C8-45C7-AA5C-458350F13A29}.SDK|x86.Build.0 = SDK|Any CPU
		{4ADFD511-887F-4EA6-A88E-AEFE81A26A4D}.CORE|Any CPU.ActiveCfg = Debug|Any CPU
		{4ADFD511-887F-4EA6-A88E-AEFE81A26A4D}.CORE|Any CPU.Build.0 = Debug|Any CPU
		{4ADFD511-887F-4EA6-A88E-AEFE81A26A4D}.CORE|x64.ActiveCfg = Debug|Any CPU
		{4ADFD511-887F-4EA6-A88E-AEFE81A26A4D}.CORE|x64.Build.0 = Debug|Any CPU
		{4ADFD511-887F-4EA6-A88E-AEFE81A26A4D}.CORE|x86.ActiveCfg = Debug|Any CPU
		{4ADFD511-887F-4EA6-A88E-AEFE81A26A4D}.CORE|x86.Build.0 = Debug|Any CPU
		{4ADFD511-887F-4EA6-A88E-AEFE81A26A4D}.Debug|Any CPU.ActiveCfg = Debug|Any CPU
		{4ADFD511-887F-4EA6-A88E-AEFE81A26A4D}.Debug|Any CPU.Build.0 = Debug|Any CPU
		{4ADFD511-887F-4EA6-A88E-AEFE81A26A4D}.Debug|x64.ActiveCfg = Debug|Any CPU
		{4ADFD511-887F-4EA6-A88E-AEFE81A26A4D}.Debug|x64.Build.0 = Debug|Any CPU
		{4ADFD511-887F-4EA6-A88E-AEFE81A26A4D}.Debug|x86.ActiveCfg = Debug|Any CPU
		{4ADFD511-887F-4EA6-A88E-AEFE81A26A4D}.Debug|x86.Build.0 = Debug|Any CPU
		{4ADFD511-887F-4EA6-A88E-AEFE81A26A4D}.Release|Any CPU.ActiveCfg = Release|Any CPU
		{4ADFD511-887F-4EA6-A88E-AEFE81A26A4D}.Release|Any CPU.Build.0 = Release|Any CPU
		{4ADFD511-887F-4EA6-A88E-AEFE81A26A4D}.Release|x64.ActiveCfg = Release|Any CPU
		{4ADFD511-887F-4EA6-A88E-AEFE81A26A4D}.Release|x64.Build.0 = Release|Any CPU
		{4ADFD511-887F-4EA6-A88E-AEFE81A26A4D}.Release|x86.ActiveCfg = Release|Any CPU
		{4ADFD511-887F-4EA6-A88E-AEFE81A26A4D}.Release|x86.Build.0 = Release|Any CPU
		{4ADFD511-887F-4EA6-A88E-AEFE81A26A4D}.SDK|Any CPU.ActiveCfg = Debug|Any CPU
		{4ADFD511-887F-4EA6-A88E-AEFE81A26A4D}.SDK|Any CPU.Build.0 = Debug|Any CPU
		{4ADFD511-887F-4EA6-A88E-AEFE81A26A4D}.SDK|x64.ActiveCfg = Debug|Any CPU
		{4ADFD511-887F-4EA6-A88E-AEFE81A26A4D}.SDK|x64.Build.0 = Debug|Any CPU
		{4ADFD511-887F-4EA6-A88E-AEFE81A26A4D}.SDK|x86.ActiveCfg = Debug|Any CPU
		{4ADFD511-887F-4EA6-A88E-AEFE81A26A4D}.SDK|x86.Build.0 = Debug|Any CPU
		{B29545E2-7966-41CF-ACB5-CA8A8C4B7CAD}.CORE|Any CPU.ActiveCfg = Debug|Any CPU
		{B29545E2-7966-41CF-ACB5-CA8A8C4B7CAD}.CORE|Any CPU.Build.0 = Debug|Any CPU
		{B29545E2-7966-41CF-ACB5-CA8A8C4B7CAD}.CORE|x64.ActiveCfg = Debug|Any CPU
		{B29545E2-7966-41CF-ACB5-CA8A8C4B7CAD}.CORE|x64.Build.0 = Debug|Any CPU
		{B29545E2-7966-41CF-ACB5-CA8A8C4B7CAD}.CORE|x86.ActiveCfg = Debug|Any CPU
		{B29545E2-7966-41CF-ACB5-CA8A8C4B7CAD}.CORE|x86.Build.0 = Debug|Any CPU
		{B29545E2-7966-41CF-ACB5-CA8A8C4B7CAD}.Debug|Any CPU.ActiveCfg = Debug|Any CPU
		{B29545E2-7966-41CF-ACB5-CA8A8C4B7CAD}.Debug|Any CPU.Build.0 = Debug|Any CPU
		{B29545E2-7966-41CF-ACB5-CA8A8C4B7CAD}.Debug|x64.ActiveCfg = Debug|Any CPU
		{B29545E2-7966-41CF-ACB5-CA8A8C4B7CAD}.Debug|x64.Build.0 = Debug|Any CPU
		{B29545E2-7966-41CF-ACB5-CA8A8C4B7CAD}.Debug|x86.ActiveCfg = Debug|Any CPU
		{B29545E2-7966-41CF-ACB5-CA8A8C4B7CAD}.Debug|x86.Build.0 = Debug|Any CPU
		{B29545E2-7966-41CF-ACB5-CA8A8C4B7CAD}.Release|Any CPU.ActiveCfg = Release|Any CPU
		{B29545E2-7966-41CF-ACB5-CA8A8C4B7CAD}.Release|Any CPU.Build.0 = Release|Any CPU
		{B29545E2-7966-41CF-ACB5-CA8A8C4B7CAD}.Release|x64.ActiveCfg = Release|Any CPU
		{B29545E2-7966-41CF-ACB5-CA8A8C4B7CAD}.Release|x64.Build.0 = Release|Any CPU
		{B29545E2-7966-41CF-ACB5-CA8A8C4B7CAD}.Release|x86.ActiveCfg = Release|Any CPU
		{B29545E2-7966-41CF-ACB5-CA8A8C4B7CAD}.Release|x86.Build.0 = Release|Any CPU
		{B29545E2-7966-41CF-ACB5-CA8A8C4B7CAD}.SDK|Any CPU.ActiveCfg = Debug|Any CPU
		{B29545E2-7966-41CF-ACB5-CA8A8C4B7CAD}.SDK|Any CPU.Build.0 = Debug|Any CPU
		{B29545E2-7966-41CF-ACB5-CA8A8C4B7CAD}.SDK|x64.ActiveCfg = Debug|Any CPU
		{B29545E2-7966-41CF-ACB5-CA8A8C4B7CAD}.SDK|x64.Build.0 = Debug|Any CPU
		{B29545E2-7966-41CF-ACB5-CA8A8C4B7CAD}.SDK|x86.ActiveCfg = Debug|Any CPU
		{B29545E2-7966-41CF-ACB5-CA8A8C4B7CAD}.SDK|x86.Build.0 = Debug|Any CPU
		{EA86DFA4-7096-45EE-AE11-9542125CB015}.CORE|Any CPU.ActiveCfg = Debug|Any CPU
		{EA86DFA4-7096-45EE-AE11-9542125CB015}.CORE|Any CPU.Build.0 = Debug|Any CPU
		{EA86DFA4-7096-45EE-AE11-9542125CB015}.CORE|x64.ActiveCfg = Debug|Any CPU
		{EA86DFA4-7096-45EE-AE11-9542125CB015}.CORE|x64.Build.0 = Debug|Any CPU
		{EA86DFA4-7096-45EE-AE11-9542125CB015}.CORE|x86.ActiveCfg = Debug|Any CPU
		{EA86DFA4-7096-45EE-AE11-9542125CB015}.CORE|x86.Build.0 = Debug|Any CPU
		{EA86DFA4-7096-45EE-AE11-9542125CB015}.Debug|Any CPU.ActiveCfg = Debug|Any CPU
		{EA86DFA4-7096-45EE-AE11-9542125CB015}.Debug|Any CPU.Build.0 = Debug|Any CPU
		{EA86DFA4-7096-45EE-AE11-9542125CB015}.Debug|x64.ActiveCfg = Debug|Any CPU
		{EA86DFA4-7096-45EE-AE11-9542125CB015}.Debug|x64.Build.0 = Debug|Any CPU
		{EA86DFA4-7096-45EE-AE11-9542125CB015}.Debug|x86.ActiveCfg = Debug|Any CPU
		{EA86DFA4-7096-45EE-AE11-9542125CB015}.Debug|x86.Build.0 = Debug|Any CPU
		{EA86DFA4-7096-45EE-AE11-9542125CB015}.Release|Any CPU.ActiveCfg = Release|Any CPU
		{EA86DFA4-7096-45EE-AE11-9542125CB015}.Release|Any CPU.Build.0 = Release|Any CPU
		{EA86DFA4-7096-45EE-AE11-9542125CB015}.Release|x64.ActiveCfg = Release|Any CPU
		{EA86DFA4-7096-45EE-AE11-9542125CB015}.Release|x64.Build.0 = Release|Any CPU
		{EA86DFA4-7096-45EE-AE11-9542125CB015}.Release|x86.ActiveCfg = Release|Any CPU
		{EA86DFA4-7096-45EE-AE11-9542125CB015}.Release|x86.Build.0 = Release|Any CPU
		{EA86DFA4-7096-45EE-AE11-9542125CB015}.SDK|Any CPU.ActiveCfg = Debug|Any CPU
		{EA86DFA4-7096-45EE-AE11-9542125CB015}.SDK|Any CPU.Build.0 = Debug|Any CPU
		{EA86DFA4-7096-45EE-AE11-9542125CB015}.SDK|x64.ActiveCfg = Debug|Any CPU
		{EA86DFA4-7096-45EE-AE11-9542125CB015}.SDK|x64.Build.0 = Debug|Any CPU
		{EA86DFA4-7096-45EE-AE11-9542125CB015}.SDK|x86.ActiveCfg = Debug|Any CPU
		{EA86DFA4-7096-45EE-AE11-9542125CB015}.SDK|x86.Build.0 = Debug|Any CPU
		{0F6C5BF9-2332-4EEE-B183-A51700D37EF7}.CORE|Any CPU.ActiveCfg = Debug|Any CPU
		{0F6C5BF9-2332-4EEE-B183-A51700D37EF7}.CORE|Any CPU.Build.0 = Debug|Any CPU
		{0F6C5BF9-2332-4EEE-B183-A51700D37EF7}.CORE|x64.ActiveCfg = Debug|Any CPU
		{0F6C5BF9-2332-4EEE-B183-A51700D37EF7}.CORE|x64.Build.0 = Debug|Any CPU
		{0F6C5BF9-2332-4EEE-B183-A51700D37EF7}.CORE|x86.ActiveCfg = Debug|Any CPU
		{0F6C5BF9-2332-4EEE-B183-A51700D37EF7}.CORE|x86.Build.0 = Debug|Any CPU
		{0F6C5BF9-2332-4EEE-B183-A51700D37EF7}.Debug|Any CPU.ActiveCfg = Debug|Any CPU
		{0F6C5BF9-2332-4EEE-B183-A51700D37EF7}.Debug|Any CPU.Build.0 = Debug|Any CPU
		{0F6C5BF9-2332-4EEE-B183-A51700D37EF7}.Debug|x64.ActiveCfg = Debug|Any CPU
		{0F6C5BF9-2332-4EEE-B183-A51700D37EF7}.Debug|x64.Build.0 = Debug|Any CPU
		{0F6C5BF9-2332-4EEE-B183-A51700D37EF7}.Debug|x86.ActiveCfg = Debug|Any CPU
		{0F6C5BF9-2332-4EEE-B183-A51700D37EF7}.Debug|x86.Build.0 = Debug|Any CPU
		{0F6C5BF9-2332-4EEE-B183-A51700D37EF7}.Release|Any CPU.ActiveCfg = Release|Any CPU
		{0F6C5BF9-2332-4EEE-B183-A51700D37EF7}.Release|Any CPU.Build.0 = Release|Any CPU
		{0F6C5BF9-2332-4EEE-B183-A51700D37EF7}.Release|x64.ActiveCfg = Release|Any CPU
		{0F6C5BF9-2332-4EEE-B183-A51700D37EF7}.Release|x64.Build.0 = Release|Any CPU
		{0F6C5BF9-2332-4EEE-B183-A51700D37EF7}.Release|x86.ActiveCfg = Release|Any CPU
		{0F6C5BF9-2332-4EEE-B183-A51700D37EF7}.Release|x86.Build.0 = Release|Any CPU
		{0F6C5BF9-2332-4EEE-B183-A51700D37EF7}.SDK|Any CPU.ActiveCfg = Debug|Any CPU
		{0F6C5BF9-2332-4EEE-B183-A51700D37EF7}.SDK|Any CPU.Build.0 = Debug|Any CPU
		{0F6C5BF9-2332-4EEE-B183-A51700D37EF7}.SDK|x64.ActiveCfg = Debug|Any CPU
		{0F6C5BF9-2332-4EEE-B183-A51700D37EF7}.SDK|x64.Build.0 = Debug|Any CPU
		{0F6C5BF9-2332-4EEE-B183-A51700D37EF7}.SDK|x86.ActiveCfg = Debug|Any CPU
		{0F6C5BF9-2332-4EEE-B183-A51700D37EF7}.SDK|x86.Build.0 = Debug|Any CPU
		{BB13CBFF-DCA2-47F6-981D-165FF7AA385B}.CORE|Any CPU.ActiveCfg = Debug|Any CPU
		{BB13CBFF-DCA2-47F6-981D-165FF7AA385B}.CORE|Any CPU.Build.0 = Debug|Any CPU
		{BB13CBFF-DCA2-47F6-981D-165FF7AA385B}.CORE|x64.ActiveCfg = Debug|Any CPU
		{BB13CBFF-DCA2-47F6-981D-165FF7AA385B}.CORE|x64.Build.0 = Debug|Any CPU
		{BB13CBFF-DCA2-47F6-981D-165FF7AA385B}.CORE|x86.ActiveCfg = Debug|Any CPU
		{BB13CBFF-DCA2-47F6-981D-165FF7AA385B}.CORE|x86.Build.0 = Debug|Any CPU
		{BB13CBFF-DCA2-47F6-981D-165FF7AA385B}.Debug|Any CPU.ActiveCfg = Debug|Any CPU
		{BB13CBFF-DCA2-47F6-981D-165FF7AA385B}.Debug|Any CPU.Build.0 = Debug|Any CPU
		{BB13CBFF-DCA2-47F6-981D-165FF7AA385B}.Debug|x64.ActiveCfg = Debug|Any CPU
		{BB13CBFF-DCA2-47F6-981D-165FF7AA385B}.Debug|x64.Build.0 = Debug|Any CPU
		{BB13CBFF-DCA2-47F6-981D-165FF7AA385B}.Debug|x86.ActiveCfg = Debug|Any CPU
		{BB13CBFF-DCA2-47F6-981D-165FF7AA385B}.Debug|x86.Build.0 = Debug|Any CPU
		{BB13CBFF-DCA2-47F6-981D-165FF7AA385B}.Release|Any CPU.ActiveCfg = Release|Any CPU
		{BB13CBFF-DCA2-47F6-981D-165FF7AA385B}.Release|Any CPU.Build.0 = Release|Any CPU
		{BB13CBFF-DCA2-47F6-981D-165FF7AA385B}.Release|x64.ActiveCfg = Release|Any CPU
		{BB13CBFF-DCA2-47F6-981D-165FF7AA385B}.Release|x64.Build.0 = Release|Any CPU
		{BB13CBFF-DCA2-47F6-981D-165FF7AA385B}.Release|x86.ActiveCfg = Release|Any CPU
		{BB13CBFF-DCA2-47F6-981D-165FF7AA385B}.Release|x86.Build.0 = Release|Any CPU
		{BB13CBFF-DCA2-47F6-981D-165FF7AA385B}.SDK|Any CPU.ActiveCfg = Debug|Any CPU
		{BB13CBFF-DCA2-47F6-981D-165FF7AA385B}.SDK|Any CPU.Build.0 = Debug|Any CPU
		{BB13CBFF-DCA2-47F6-981D-165FF7AA385B}.SDK|x64.ActiveCfg = Debug|Any CPU
		{BB13CBFF-DCA2-47F6-981D-165FF7AA385B}.SDK|x64.Build.0 = Debug|Any CPU
		{BB13CBFF-DCA2-47F6-981D-165FF7AA385B}.SDK|x86.ActiveCfg = Debug|Any CPU
		{BB13CBFF-DCA2-47F6-981D-165FF7AA385B}.SDK|x86.Build.0 = Debug|Any CPU
		{A4FCD420-5072-4B76-BFCA-F0BF6A33E817}.CORE|Any CPU.ActiveCfg = Debug|Any CPU
		{A4FCD420-5072-4B76-BFCA-F0BF6A33E817}.CORE|Any CPU.Build.0 = Debug|Any CPU
		{A4FCD420-5072-4B76-BFCA-F0BF6A33E817}.CORE|x64.ActiveCfg = Debug|Any CPU
		{A4FCD420-5072-4B76-BFCA-F0BF6A33E817}.CORE|x64.Build.0 = Debug|Any CPU
		{A4FCD420-5072-4B76-BFCA-F0BF6A33E817}.CORE|x86.ActiveCfg = Debug|Any CPU
		{A4FCD420-5072-4B76-BFCA-F0BF6A33E817}.CORE|x86.Build.0 = Debug|Any CPU
		{A4FCD420-5072-4B76-BFCA-F0BF6A33E817}.Debug|Any CPU.ActiveCfg = Debug|Any CPU
		{A4FCD420-5072-4B76-BFCA-F0BF6A33E817}.Debug|Any CPU.Build.0 = Debug|Any CPU
		{A4FCD420-5072-4B76-BFCA-F0BF6A33E817}.Debug|x64.ActiveCfg = Debug|Any CPU
		{A4FCD420-5072-4B76-BFCA-F0BF6A33E817}.Debug|x64.Build.0 = Debug|Any CPU
		{A4FCD420-5072-4B76-BFCA-F0BF6A33E817}.Debug|x86.ActiveCfg = Debug|Any CPU
		{A4FCD420-5072-4B76-BFCA-F0BF6A33E817}.Debug|x86.Build.0 = Debug|Any CPU
		{A4FCD420-5072-4B76-BFCA-F0BF6A33E817}.Release|Any CPU.ActiveCfg = Release|Any CPU
		{A4FCD420-5072-4B76-BFCA-F0BF6A33E817}.Release|Any CPU.Build.0 = Release|Any CPU
		{A4FCD420-5072-4B76-BFCA-F0BF6A33E817}.Release|x64.ActiveCfg = Release|Any CPU
		{A4FCD420-5072-4B76-BFCA-F0BF6A33E817}.Release|x64.Build.0 = Release|Any CPU
		{A4FCD420-5072-4B76-BFCA-F0BF6A33E817}.Release|x86.ActiveCfg = Release|Any CPU
		{A4FCD420-5072-4B76-BFCA-F0BF6A33E817}.Release|x86.Build.0 = Release|Any CPU
		{A4FCD420-5072-4B76-BFCA-F0BF6A33E817}.SDK|Any CPU.ActiveCfg = Debug|Any CPU
		{A4FCD420-5072-4B76-BFCA-F0BF6A33E817}.SDK|Any CPU.Build.0 = Debug|Any CPU
		{A4FCD420-5072-4B76-BFCA-F0BF6A33E817}.SDK|x64.ActiveCfg = Debug|Any CPU
		{A4FCD420-5072-4B76-BFCA-F0BF6A33E817}.SDK|x64.Build.0 = Debug|Any CPU
		{A4FCD420-5072-4B76-BFCA-F0BF6A33E817}.SDK|x86.ActiveCfg = Debug|Any CPU
		{A4FCD420-5072-4B76-BFCA-F0BF6A33E817}.SDK|x86.Build.0 = Debug|Any CPU
		{BFB6C04F-8560-4134-BC1D-4663DEBCE2D5}.CORE|Any CPU.ActiveCfg = Debug|Any CPU
		{BFB6C04F-8560-4134-BC1D-4663DEBCE2D5}.CORE|Any CPU.Build.0 = Debug|Any CPU
		{BFB6C04F-8560-4134-BC1D-4663DEBCE2D5}.CORE|x64.ActiveCfg = Debug|Any CPU
		{BFB6C04F-8560-4134-BC1D-4663DEBCE2D5}.CORE|x64.Build.0 = Debug|Any CPU
		{BFB6C04F-8560-4134-BC1D-4663DEBCE2D5}.CORE|x86.ActiveCfg = Debug|Any CPU
		{BFB6C04F-8560-4134-BC1D-4663DEBCE2D5}.CORE|x86.Build.0 = Debug|Any CPU
		{BFB6C04F-8560-4134-BC1D-4663DEBCE2D5}.Debug|Any CPU.ActiveCfg = Debug|Any CPU
		{BFB6C04F-8560-4134-BC1D-4663DEBCE2D5}.Debug|Any CPU.Build.0 = Debug|Any CPU
		{BFB6C04F-8560-4134-BC1D-4663DEBCE2D5}.Debug|x64.ActiveCfg = Debug|Any CPU
		{BFB6C04F-8560-4134-BC1D-4663DEBCE2D5}.Debug|x64.Build.0 = Debug|Any CPU
		{BFB6C04F-8560-4134-BC1D-4663DEBCE2D5}.Debug|x86.ActiveCfg = Debug|Any CPU
		{BFB6C04F-8560-4134-BC1D-4663DEBCE2D5}.Debug|x86.Build.0 = Debug|Any CPU
		{BFB6C04F-8560-4134-BC1D-4663DEBCE2D5}.Release|Any CPU.ActiveCfg = Release|Any CPU
		{BFB6C04F-8560-4134-BC1D-4663DEBCE2D5}.Release|Any CPU.Build.0 = Release|Any CPU
		{BFB6C04F-8560-4134-BC1D-4663DEBCE2D5}.Release|x64.ActiveCfg = Release|Any CPU
		{BFB6C04F-8560-4134-BC1D-4663DEBCE2D5}.Release|x64.Build.0 = Release|Any CPU
		{BFB6C04F-8560-4134-BC1D-4663DEBCE2D5}.Release|x86.ActiveCfg = Release|Any CPU
		{BFB6C04F-8560-4134-BC1D-4663DEBCE2D5}.Release|x86.Build.0 = Release|Any CPU
		{BFB6C04F-8560-4134-BC1D-4663DEBCE2D5}.SDK|Any CPU.ActiveCfg = Debug|Any CPU
		{BFB6C04F-8560-4134-BC1D-4663DEBCE2D5}.SDK|Any CPU.Build.0 = Debug|Any CPU
		{BFB6C04F-8560-4134-BC1D-4663DEBCE2D5}.SDK|x64.ActiveCfg = Debug|Any CPU
		{BFB6C04F-8560-4134-BC1D-4663DEBCE2D5}.SDK|x64.Build.0 = Debug|Any CPU
		{BFB6C04F-8560-4134-BC1D-4663DEBCE2D5}.SDK|x86.ActiveCfg = Debug|Any CPU
		{BFB6C04F-8560-4134-BC1D-4663DEBCE2D5}.SDK|x86.Build.0 = Debug|Any CPU
	EndGlobalSection
	GlobalSection(SolutionProperties) = preSolution
		HideSolutionNode = FALSE
	EndGlobalSection
	GlobalSection(NestedProjects) = preSolution
		{B434DC46-C7C8-45C7-AA5C-458350F13A29} = {12E190A6-84FA-451C-BA04-E1880D716B19}
		{4ADFD511-887F-4EA6-A88E-AEFE81A26A4D} = {12E190A6-84FA-451C-BA04-E1880D716B19}
		{B29545E2-7966-41CF-ACB5-CA8A8C4B7CAD} = {12E190A6-84FA-451C-BA04-E1880D716B19}
		{EA86DFA4-7096-45EE-AE11-9542125CB015} = {12E190A6-84FA-451C-BA04-E1880D716B19}
		{0F6C5BF9-2332-4EEE-B183-A51700D37EF7} = {12E190A6-84FA-451C-BA04-E1880D716B19}
		{BB13CBFF-DCA2-47F6-981D-165FF7AA385B} = {12E190A6-84FA-451C-BA04-E1880D716B19}
		{A4FCD420-5072-4B76-BFCA-F0BF6A33E817} = {12E190A6-84FA-451C-BA04-E1880D716B19}
		{BFB6C04F-8560-4134-BC1D-4663DEBCE2D5} = {12E190A6-84FA-451C-BA04-E1880D716B19}
	EndGlobalSection
	GlobalSection(ExtensibilityGlobals) = postSolution
		SolutionGuid = {A52BFFC5-A89C-4E0C-926F-655EE4A881F4}
	EndGlobalSection
EndGlobal
